
Microsoft Visual Studio Solution File, Format Version 12.00
# Visual Studio Version 17
VisualStudioVersion = 17.7.34221.43
MinimumVisualStudioVersion = 10.0.40219.1
Project("{9A19103F-16F7-4668-BE54-9A1E7A4F7556}") = "WebExpress.WebUI", "WebExpress.WebUI\WebExpress.WebUI.csproj", "{189A9A34-00F7-420E-B3AE-3347BA00762B}"
EndProject
Project("{9A19103F-16F7-4668-BE54-9A1E7A4F7556}") = "WebExpress.WebUI.Test", "WebExpress.WebUI.Test\WebExpress.WebUI.Test.csproj", "{1CFFEA60-6650-4F50-8412-709B8813C553}"
EndProject
Global
	GlobalSection(SolutionConfigurationPlatforms) = preSolution
		Debug|Any CPU = Debug|Any CPU
		Release|Any CPU = Release|Any CPU
	EndGlobalSection
	GlobalSection(ProjectConfigurationPlatforms) = postSolution
		{189A9A34-00F7-420E-B3AE-3347BA00762B}.Debug|Any CPU.ActiveCfg = Debug|Any CPU
		{189A9A34-00F7-420E-B3AE-3347BA00762B}.Debug|Any CPU.Build.0 = Debug|Any CPU
		{189A9A34-00F7-420E-B3AE-3347BA00762B}.Release|Any CPU.ActiveCfg = Release|Any CPU
		{189A9A34-00F7-420E-B3AE-3347BA00762B}.Release|Any CPU.Build.0 = Release|Any CPU
		{1CFFEA60-6650-4F50-8412-709B8813C553}.Debug|Any CPU.ActiveCfg = Debug|Any CPU
		{1CFFEA60-6650-4F50-8412-709B8813C553}.Debug|Any CPU.Build.0 = Debug|Any CPU
		{1CFFEA60-6650-4F50-8412-709B8813C553}.Release|Any CPU.ActiveCfg = Release|Any CPU
		{1CFFEA60-6650-4F50-8412-709B8813C553}.Release|Any CPU.Build.0 = Release|Any CPU
	EndGlobalSection
	GlobalSection(SolutionProperties) = preSolution
		HideSolutionNode = FALSE
	EndGlobalSection
	GlobalSection(ExtensibilityGlobals) = postSolution
		SolutionGuid = {46D0D31D-406A-4B15-A88A-CE7F012AD614}
	EndGlobalSection
EndGlobal
